
Microsoft Visual Studio Solution File, Format Version 12.00
# Visual Studio Version 17
VisualStudioVersion = 17.3.32901.215
MinimumVisualStudioVersion = 10.0.40219.1
Project("{FAE04EC0-301F-11D3-BF4B-00C04F79EFBC}") = "Jump", "Jump.csproj", "{05671BEC-F6B9-43E7-B134-6D78CAD1DD63}"
EndProject
Global
	GlobalSection(SolutionConfigurationPlatforms) = preSolution
		Debug|Any CPU = Debug|Any CPU
		Release|Any CPU = Release|Any CPU
	EndGlobalSection
	GlobalSection(ProjectConfigurationPlatforms) = postSolution
		{05671BEC-F6B9-43E7-B134-6D78CAD1DD63}.Debug|Any CPU.ActiveCfg = Debug|Any CPU
		{05671BEC-F6B9-43E7-B134-6D78CAD1DD63}.Debug|Any CPU.Build.0 = Debug|Any CPU
		{05671BEC-F6B9-43E7-B134-6D78CAD1DD63}.Release|Any CPU.ActiveCfg = Release|Any CPU
		{05671BEC-F6B9-43E7-B134-6D78CAD1DD63}.Release|Any CPU.Build.0 = Release|Any CPU
	EndGlobalSection
	GlobalSection(SolutionProperties) = preSolution
		HideSolutionNode = FALSE
	EndGlobalSection
	GlobalSection(ExtensibilityGlobals) = postSolution
		SolutionGuid = {A7C4A710-21A7-48FA-83BF-AA3E4ED9FF37}
	EndGlobalSection
EndGlobal
